
Microsoft Visual Studio Solution File, Format Version 12.00
# Visual Studio Version 16
VisualStudioVersion = 16.0.31729.503
MinimumVisualStudioVersion = 10.0.40219.1
Project("{FAE04EC0-301F-11D3-BF4B-00C04F79EFBC}") = "AppDev_FST", "AppDev_FST\AppDev_FST.csproj", "{ACB329DF-3A9B-44E1-A8E7-A8AC5A5F951D}"
EndProject
Global
	GlobalSection(SolutionConfigurationPlatforms) = preSolution
		Debug|Any CPU = Debug|Any CPU
		Release|Any CPU = Release|Any CPU
	EndGlobalSection
	GlobalSection(ProjectConfigurationPlatforms) = postSolution
		{ACB329DF-3A9B-44E1-A8E7-A8AC5A5F951D}.Debug|Any CPU.ActiveCfg = Debug|Any CPU
		{ACB329DF-3A9B-44E1-A8E7-A8AC5A5F951D}.Debug|Any CPU.Build.0 = Debug|Any CPU
		{ACB329DF-3A9B-44E1-A8E7-A8AC5A5F951D}.Release|Any CPU.ActiveCfg = Release|Any CPU
		{ACB329DF-3A9B-44E1-A8E7-A8AC5A5F951D}.Release|Any CPU.Build.0 = Release|Any CPU
	EndGlobalSection
	GlobalSection(SolutionProperties) = preSolution
		HideSolutionNode = FALSE
	EndGlobalSection
	GlobalSection(ExtensibilityGlobals) = postSolution
		SolutionGuid = {65AA91EE-EF2F-4330-B8B5-AD36379CBACA}
	EndGlobalSection
EndGlobal
